
Microsoft Visual Studio Solution File, Format Version 12.00
# 
Project("{FAE04EC0-301F-11D3-BF4B-00C04F79EFBC}") = "Drawing.CenterView", "Drawing.CenterView\Drawing.CenterView.csproj", "{6856A54F-9F68-47DB-A81F-B30C4895300F}"
EndProject
Project("{FAE04EC0-301F-11D3-BF4B-00C04F79EFBC}") = "Drawing.CenterView.UnitTests", "Drawing.CenterView.UnitTests\Drawing.CenterView.UnitTests.csproj", "{9F0E98DD-D24C-4E9E-AC28-885399AEE570}"
EndProject
Project("{FAE04EC0-301F-11D3-BF4B-00C04F79EFBC}") = "Drawing.CenterView.Library", "Drawing.CenterView.Library\Drawing.CenterView.Library.csproj", "{9AE38DDA-B150-4774-9CD8-E7B3772B585D}"
EndProject
Global
	GlobalSection(SolutionConfigurationPlatforms) = preSolution
		Debug|Any CPU = Debug|Any CPU
		Release|Any CPU = Release|Any CPU
	EndGlobalSection
	GlobalSection(ProjectConfigurationPlatforms) = postSolution
		{6856A54F-9F68-47DB-A81F-B30C4895300F}.Debug|Any CPU.ActiveCfg = Debug|Any CPU
		{6856A54F-9F68-47DB-A81F-B30C4895300F}.Debug|Any CPU.Build.0 = Debug|Any CPU
		{6856A54F-9F68-47DB-A81F-B30C4895300F}.Release|Any CPU.ActiveCfg = Release|Any CPU
		{6856A54F-9F68-47DB-A81F-B30C4895300F}.Release|Any CPU.Build.0 = Release|Any CPU
		{9F0E98DD-D24C-4E9E-AC28-885399AEE570}.Debug|Any CPU.ActiveCfg = Debug|Any CPU
		{9F0E98DD-D24C-4E9E-AC28-885399AEE570}.Debug|Any CPU.Build.0 = Debug|Any CPU
		{9F0E98DD-D24C-4E9E-AC28-885399AEE570}.Release|Any CPU.ActiveCfg = Release|Any CPU
		{9F0E98DD-D24C-4E9E-AC28-885399AEE570}.Release|Any CPU.Build.0 = Release|Any CPU
		{9AE38DDA-B150-4774-9CD8-E7B3772B585D}.Debug|Any CPU.ActiveCfg = Debug|Any CPU
		{9AE38DDA-B150-4774-9CD8-E7B3772B585D}.Debug|Any CPU.Build.0 = Debug|Any CPU
		{9AE38DDA-B150-4774-9CD8-E7B3772B585D}.Release|Any CPU.ActiveCfg = Release|Any CPU
		{9AE38DDA-B150-4774-9CD8-E7B3772B585D}.Release|Any CPU.Build.0 = Release|Any CPU
	EndGlobalSection
EndGlobal
